
Microsoft Visual Studio Solution File, Format Version 12.00
# Visual Studio Version 17
VisualStudioVersion = 17.14.36414.22 d17.14
MinimumVisualStudioVersion = 10.0.40219.1
Project("{FAE04EC0-301F-11D3-BF4B-00C04F79EFBC}") = "laba212", "laba212\laba212.csproj", "{7E2A3870-D51F-448C-AD74-1189737E3B89}"
EndProject
Global
	GlobalSection(SolutionConfigurationPlatforms) = preSolution
		Debug|Any CPU = Debug|Any CPU
		Release|Any CPU = Release|Any CPU
	EndGlobalSection
	GlobalSection(ProjectConfigurationPlatforms) = postSolution
		{7E2A3870-D51F-448C-AD74-1189737E3B89}.Debug|Any CPU.ActiveCfg = Debug|Any CPU
		{7E2A3870-D51F-448C-AD74-1189737E3B89}.Debug|Any CPU.Build.0 = Debug|Any CPU
		{7E2A3870-D51F-448C-AD74-1189737E3B89}.Release|Any CPU.ActiveCfg = Release|Any CPU
		{7E2A3870-D51F-448C-AD74-1189737E3B89}.Release|Any CPU.Build.0 = Release|Any CPU
	EndGlobalSection
	GlobalSection(SolutionProperties) = preSolution
		HideSolutionNode = FALSE
	EndGlobalSection
	GlobalSection(ExtensibilityGlobals) = postSolution
		SolutionGuid = {68D615C7-6C26-48A3-8F16-8D89EEE23E10}
	EndGlobalSection
EndGlobal
